
Microsoft Visual Studio Solution File, Format Version 12.00
# Visual Studio Version 17
VisualStudioVersion = 17.11.35312.102
MinimumVisualStudioVersion = 10.0.40219.1
Project("{FAE04EC0-301F-11D3-BF4B-00C04F79EFBC}") = "MathiasVera_Clase1", "MathiasVera_Clase1\MathiasVera_Clase1.csproj", "{AD70D9B3-961E-4A67-8363-85E02CBFB4C6}"
EndProject
Global
	GlobalSection(SolutionConfigurationPlatforms) = preSolution
		Debug|Any CPU = Debug|Any CPU
		Release|Any CPU = Release|Any CPU
	EndGlobalSection
	GlobalSection(ProjectConfigurationPlatforms) = postSolution
		{AD70D9B3-961E-4A67-8363-85E02CBFB4C6}.Debug|Any CPU.ActiveCfg = Debug|Any CPU
		{AD70D9B3-961E-4A67-8363-85E02CBFB4C6}.Debug|Any CPU.Build.0 = Debug|Any CPU
		{AD70D9B3-961E-4A67-8363-85E02CBFB4C6}.Release|Any CPU.ActiveCfg = Release|Any CPU
		{AD70D9B3-961E-4A67-8363-85E02CBFB4C6}.Release|Any CPU.Build.0 = Release|Any CPU
	EndGlobalSection
	GlobalSection(SolutionProperties) = preSolution
		HideSolutionNode = FALSE
	EndGlobalSection
	GlobalSection(ExtensibilityGlobals) = postSolution
		SolutionGuid = {FC02E0B9-0146-4A5C-952E-BFA7D302DBE2}
	EndGlobalSection
EndGlobal
